
Microsoft Visual Studio Solution File, Format Version 12.00
# Visual Studio Version 17
VisualStudioVersion = 17.0.32014.148
MinimumVisualStudioVersion = 10.0.40219.1
Project("{9A19103F-16F7-4668-BE54-9A1E7A4F7556}") = "Football", "Football\Football.csproj", "{46FD2239-5291-4231-96A4-E21B2724107D}"
EndProject
Project("{9A19103F-16F7-4668-BE54-9A1E7A4F7556}") = "Football.Core", "Football.Core\Football.Core.csproj", "{4C7CB6DE-FB82-4F07-BF82-7D2F778DCAC4}"
EndProject
Project("{9A19103F-16F7-4668-BE54-9A1E7A4F7556}") = "Football.Infrastructure", "Football.Infrastructure\Football.Infrastructure.csproj", "{391D6016-299D-4571-BB8A-74974ADA51A0}"
EndProject
Project("{9A19103F-16F7-4668-BE54-9A1E7A4F7556}") = "Football.Test", "Football.Test\Football.Test.csproj", "{459FBA7F-7A4B-4F84-AA1F-1973177365B0}"
EndProject
Project("{FAE04EC0-301F-11D3-BF4B-00C04F79EFBC}") = "Football.Tests", "Football.Tests\Football.Tests.csproj", "{26E6350F-FF6D-4498-811B-2D0B1FF44612}"
EndProject
Global
	GlobalSection(SolutionConfigurationPlatforms) = preSolution
		Debug|Any CPU = Debug|Any CPU
		Release|Any CPU = Release|Any CPU
	EndGlobalSection
	GlobalSection(ProjectConfigurationPlatforms) = postSolution
		{46FD2239-5291-4231-96A4-E21B2724107D}.Debug|Any CPU.ActiveCfg = Debug|Any CPU
		{46FD2239-5291-4231-96A4-E21B2724107D}.Debug|Any CPU.Build.0 = Debug|Any CPU
		{46FD2239-5291-4231-96A4-E21B2724107D}.Release|Any CPU.ActiveCfg = Release|Any CPU
		{46FD2239-5291-4231-96A4-E21B2724107D}.Release|Any CPU.Build.0 = Release|Any CPU
		{4C7CB6DE-FB82-4F07-BF82-7D2F778DCAC4}.Debug|Any CPU.ActiveCfg = Debug|Any CPU
		{4C7CB6DE-FB82-4F07-BF82-7D2F778DCAC4}.Debug|Any CPU.Build.0 = Debug|Any CPU
		{4C7CB6DE-FB82-4F07-BF82-7D2F778DCAC4}.Release|Any CPU.ActiveCfg = Release|Any CPU
		{4C7CB6DE-FB82-4F07-BF82-7D2F778DCAC4}.Release|Any CPU.Build.0 = Release|Any CPU
		{391D6016-299D-4571-BB8A-74974ADA51A0}.Debug|Any CPU.ActiveCfg = Debug|Any CPU
		{391D6016-299D-4571-BB8A-74974ADA51A0}.Debug|Any CPU.Build.0 = Debug|Any CPU
		{391D6016-299D-4571-BB8A-74974ADA51A0}.Release|Any CPU.ActiveCfg = Release|Any CPU
		{391D6016-299D-4571-BB8A-74974ADA51A0}.Release|Any CPU.Build.0 = Release|Any CPU
		{459FBA7F-7A4B-4F84-AA1F-1973177365B0}.Debug|Any CPU.ActiveCfg = Debug|Any CPU
		{459FBA7F-7A4B-4F84-AA1F-1973177365B0}.Debug|Any CPU.Build.0 = Debug|Any CPU
		{459FBA7F-7A4B-4F84-AA1F-1973177365B0}.Release|Any CPU.ActiveCfg = Release|Any CPU
		{459FBA7F-7A4B-4F84-AA1F-1973177365B0}.Release|Any CPU.Build.0 = Release|Any CPU
		{26E6350F-FF6D-4498-811B-2D0B1FF44612}.Debug|Any CPU.ActiveCfg = Debug|Any CPU
		{26E6350F-FF6D-4498-811B-2D0B1FF44612}.Debug|Any CPU.Build.0 = Debug|Any CPU
		{26E6350F-FF6D-4498-811B-2D0B1FF44612}.Release|Any CPU.ActiveCfg = Release|Any CPU
		{26E6350F-FF6D-4498-811B-2D0B1FF44612}.Release|Any CPU.Build.0 = Release|Any CPU
	EndGlobalSection
	GlobalSection(SolutionProperties) = preSolution
		HideSolutionNode = FALSE
	EndGlobalSection
	GlobalSection(ExtensibilityGlobals) = postSolution
		SolutionGuid = {6E4DC872-2EBA-491B-A9A6-8817D45A27F5}
	EndGlobalSection
EndGlobal
